// !$*UTF8*$!
{
	archiveVersion = 1;
	classes = {
	};
	objectVersion = 56;
	objects = {

/* Begin PBXBuildFile section */
		066FE8592AE7C3F4001DE6CF /* TeamMode_alt.swift in Sources */ = {isa = PBXBuildFile; fileRef = 066FE8582AE7C3F4001DE6CF /* TeamMode_alt.swift */; };
		06A4CE272AE8FE85003BAB60 /* SModeAlt.swift in Sources */ = {isa = PBXBuildFile; fileRef = 06A4CE262AE8FE85003BAB60 /* SModeAlt.swift */; };
		06A4CE292AE90201003BAB60 /* TeamModePlayer.swift in Sources */ = {isa = PBXBuildFile; fileRef = 06A4CE282AE90201003BAB60 /* TeamModePlayer.swift */; };
		06F10DA72AEB98C20033F480 /* GameView_2.swift in Sources */ = {isa = PBXBuildFile; fileRef = 06F10DA62AEB98C20033F480 /* GameView_2.swift */; };
		06F10DA92AEBA2350033F480 /* GameView_3.swift in Sources */ = {isa = PBXBuildFile; fileRef = 06F10DA82AEBA2350033F480 /* GameView_3.swift */; };
		14038E002AE9062700CE51E8 /* Pawn.swift in Sources */ = {isa = PBXBuildFile; fileRef = 14038DFF2AE9062700CE51E8 /* Pawn.swift */; };
		14038E022AE9065600CE51E8 /* PawnView.swift in Sources */ = {isa = PBXBuildFile; fileRef = 14038E012AE9065600CE51E8 /* PawnView.swift */; };
		14038E062AEA6C8500CE51E8 /* ImageStruct.swift in Sources */ = {isa = PBXBuildFile; fileRef = 14038E052AEA6C8500CE51E8 /* ImageStruct.swift */; };
		14038E082AEA6CAF00CE51E8 /* ImageClass.swift in Sources */ = {isa = PBXBuildFile; fileRef = 14038E072AEA6CAF00CE51E8 /* ImageClass.swift */; };
		148088A92AE2ADF500CBE55C /* CheckBox.swift in Sources */ = {isa = PBXBuildFile; fileRef = 148088A82AE2ADF500CBE55C /* CheckBox.swift */; };
		148088AB2AE2AE1800CBE55C /* CheckListView.swift in Sources */ = {isa = PBXBuildFile; fileRef = 148088AA2AE2AE1800CBE55C /* CheckListView.swift */; };
		148088AD2AE2AE4900CBE55C /* Task.swift in Sources */ = {isa = PBXBuildFile; fileRef = 148088AC2AE2AE4900CBE55C /* Task.swift */; };
		148088B12AE2AEA000CBE55C /* TaskViewModel.swift in Sources */ = {isa = PBXBuildFile; fileRef = 148088B02AE2AEA000CBE55C /* TaskViewModel.swift */; };
		148088B32AE672BF00CBE55C /* TeamMember.swift in Sources */ = {isa = PBXBuildFile; fileRef = 148088B22AE672BF00CBE55C /* TeamMember.swift */; };
		148088B52AE6746A00CBE55C /* TeamMemberViewModel.swift in Sources */ = {isa = PBXBuildFile; fileRef = 148088B42AE6746A00CBE55C /* TeamMemberViewModel.swift */; };
		14B9ECF32AE11CD200D42922 /* CollAppApp.swift in Sources */ = {isa = PBXBuildFile; fileRef = 14B9ECF22AE11CD200D42922 /* CollAppApp.swift */; };
		14B9ECF52AE11CD200D42922 /* ContentView.swift in Sources */ = {isa = PBXBuildFile; fileRef = 14B9ECF42AE11CD200D42922 /* ContentView.swift */; };
		14B9ECF72AE11CD300D42922 /* Assets.xcassets in Resources */ = {isa = PBXBuildFile; fileRef = 14B9ECF62AE11CD300D42922 /* Assets.xcassets */; };
		14B9ECFA2AE11CD300D42922 /* Preview Assets.xcassets in Resources */ = {isa = PBXBuildFile; fileRef = 14B9ECF92AE11CD300D42922 /* Preview Assets.xcassets */; };
		6677D0122AE9022000D5757A /* Game View.swift in Sources */ = {isa = PBXBuildFile; fileRef = 6677D0112AE9022000D5757A /* Game View.swift */; };
		66D75D182AEBA8BF00701AFB /* FinalView.swift in Sources */ = {isa = PBXBuildFile; fileRef = 66D75D172AEBA8BF00701AFB /* FinalView.swift */; };
/* End PBXBuildFile section */

/* Begin PBXFileReference section */
		066FE8582AE7C3F4001DE6CF /* TeamMode_alt.swift */ = {isa = PBXFileReference; lastKnownFileType = sourcecode.swift; path = TeamMode_alt.swift; sourceTree = "<group>"; };
		06A4CE262AE8FE85003BAB60 /* SModeAlt.swift */ = {isa = PBXFileReference; lastKnownFileType = sourcecode.swift; path = SModeAlt.swift; sourceTree = "<group>"; };
		06A4CE282AE90201003BAB60 /* TeamModePlayer.swift */ = {isa = PBXFileReference; lastKnownFileType = sourcecode.swift; path = TeamModePlayer.swift; sourceTree = "<group>"; };
		06F10DA62AEB98C20033F480 /* GameView_2.swift */ = {isa = PBXFileReference; lastKnownFileType = sourcecode.swift; path = GameView_2.swift; sourceTree = "<group>"; };
		06F10DA82AEBA2350033F480 /* GameView_3.swift */ = {isa = PBXFileReference; lastKnownFileType = sourcecode.swift; path = GameView_3.swift; sourceTree = "<group>"; };
		14038DFF2AE9062700CE51E8 /* Pawn.swift */ = {isa = PBXFileReference; lastKnownFileType = sourcecode.swift; path = Pawn.swift; sourceTree = "<group>"; };
		14038E012AE9065600CE51E8 /* PawnView.swift */ = {isa = PBXFileReference; lastKnownFileType = sourcecode.swift; path = PawnView.swift; sourceTree = "<group>"; };
		14038E052AEA6C8500CE51E8 /* ImageStruct.swift */ = {isa = PBXFileReference; lastKnownFileType = sourcecode.swift; path = ImageStruct.swift; sourceTree = "<group>"; };
		14038E072AEA6CAF00CE51E8 /* ImageClass.swift */ = {isa = PBXFileReference; lastKnownFileType = sourcecode.swift; path = ImageClass.swift; sourceTree = "<group>"; };
		148088A82AE2ADF500CBE55C /* CheckBox.swift */ = {isa = PBXFileReference; lastKnownFileType = sourcecode.swift; path = CheckBox.swift; sourceTree = "<group>"; };
		148088AA2AE2AE1800CBE55C /* CheckListView.swift */ = {isa = PBXFileReference; lastKnownFileType = sourcecode.swift; path = CheckListView.swift; sourceTree = "<group>"; };
		148088AC2AE2AE4900CBE55C /* Task.swift */ = {isa = PBXFileReference; lastKnownFileType = sourcecode.swift; path = Task.swift; sourceTree = "<group>"; };
		148088B02AE2AEA000CBE55C /* TaskViewModel.swift */ = {isa = PBXFileReference; lastKnownFileType = sourcecode.swift; path = TaskViewModel.swift; sourceTree = "<group>"; };
		148088B22AE672BF00CBE55C /* TeamMember.swift */ = {isa = PBXFileReference; lastKnownFileType = sourcecode.swift; path = TeamMember.swift; sourceTree = "<group>"; };
		148088B42AE6746A00CBE55C /* TeamMemberViewModel.swift */ = {isa = PBXFileReference; lastKnownFileType = sourcecode.swift; path = TeamMemberViewModel.swift; sourceTree = "<group>"; };
		14B9ECEF2AE11CD200D42922 /* CollApp.app */ = {isa = PBXFileReference; explicitFileType = wrapper.application; includeInIndex = 0; path = CollApp.app; sourceTree = BUILT_PRODUCTS_DIR; };
		14B9ECF22AE11CD200D42922 /* CollAppApp.swift */ = {isa = PBXFileReference; lastKnownFileType = sourcecode.swift; path = CollAppApp.swift; sourceTree = "<group>"; };
		14B9ECF42AE11CD200D42922 /* ContentView.swift */ = {isa = PBXFileReference; lastKnownFileType = sourcecode.swift; path = ContentView.swift; sourceTree = "<group>"; };
		14B9ECF62AE11CD300D42922 /* Assets.xcassets */ = {isa = PBXFileReference; lastKnownFileType = folder.assetcatalog; path = Assets.xcassets; sourceTree = "<group>"; };
		14B9ECF92AE11CD300D42922 /* Preview Assets.xcassets */ = {isa = PBXFileReference; lastKnownFileType = folder.assetcatalog; path = "Preview Assets.xcassets"; sourceTree = "<group>"; };
		6677D0112AE9022000D5757A /* Game View.swift */ = {isa = PBXFileReference; lastKnownFileType = sourcecode.swift; path = "Game View.swift"; sourceTree = "<group>"; };
		66D75D172AEBA8BF00701AFB /* FinalView.swift */ = {isa = PBXFileReference; lastKnownFileType = sourcecode.swift; path = FinalView.swift; sourceTree = "<group>"; };
/* End PBXFileReference section */

/* Begin PBXFrameworksBuildPhase section */
		14B9ECEC2AE11CD200D42922 /* Frameworks */ = {
			isa = PBXFrameworksBuildPhase;
			buildActionMask = 2147483647;
			files = (
			);
			runOnlyForDeploymentPostprocessing = 0;
		};
/* End PBXFrameworksBuildPhase section */

/* Begin PBXGroup section */
		147161022AE25E7000AE53D7 /* View */ = {
			isa = PBXGroup;
			children = (
				14B9ECF42AE11CD200D42922 /* ContentView.swift */,
				6677D0112AE9022000D5757A /* Game View.swift */,
				066FE8582AE7C3F4001DE6CF /* TeamMode_alt.swift */,
				66D75D172AEBA8BF00701AFB /* FinalView.swift */,
				06A4CE262AE8FE85003BAB60 /* SModeAlt.swift */,
				06A4CE282AE90201003BAB60 /* TeamModePlayer.swift */,
				06F10DA62AEB98C20033F480 /* GameView_2.swift */,
				06F10DA82AEBA2350033F480 /* GameView_3.swift */,
			);
			path = View;
			sourceTree = "<group>";
		};
		147161032AE25ECE00AE53D7 /* ViewModel */ = {
			isa = PBXGroup;
			children = (
				148088B02AE2AEA000CBE55C /* TaskViewModel.swift */,
				148088B42AE6746A00CBE55C /* TeamMemberViewModel.swift */,
				14038E012AE9065600CE51E8 /* PawnView.swift */,
				14038E072AEA6CAF00CE51E8 /* ImageClass.swift */,
			);
			path = ViewModel;
			sourceTree = "<group>";
		};
		147161042AE25EEB00AE53D7 /* Model */ = {
			isa = PBXGroup;
			children = (
				148088AC2AE2AE4900CBE55C /* Task.swift */,
				148088B22AE672BF00CBE55C /* TeamMember.swift */,
				14038DFF2AE9062700CE51E8 /* Pawn.swift */,
				14038E052AEA6C8500CE51E8 /* ImageStruct.swift */,
			);
			path = Model;
			sourceTree = "<group>";
		};
		148088A72AE2AA4500CBE55C /* CheckList */ = {
			isa = PBXGroup;
			children = (
				148088A82AE2ADF500CBE55C /* CheckBox.swift */,
				148088AA2AE2AE1800CBE55C /* CheckListView.swift */,
			);
			path = CheckList;
			sourceTree = "<group>";
		};
		14B9ECE62AE11CD200D42922 = {
			isa = PBXGroup;
			children = (
				14B9ECF12AE11CD200D42922 /* CollApp */,
				14B9ECF02AE11CD200D42922 /* Products */,
			);
			sourceTree = "<group>";
			usesTabs = 0;
		};
		14B9ECF02AE11CD200D42922 /* Products */ = {
			isa = PBXGroup;
			children = (
				14B9ECEF2AE11CD200D42922 /* CollApp.app */,
			);
			name = Products;
			sourceTree = "<group>";
		};
		14B9ECF12AE11CD200D42922 /* CollApp */ = {
			isa = PBXGroup;
			children = (
				148088A72AE2AA4500CBE55C /* CheckList */,
				14B9ECF22AE11CD200D42922 /* CollAppApp.swift */,
				147161042AE25EEB00AE53D7 /* Model */,
				147161032AE25ECE00AE53D7 /* ViewModel */,
				147161022AE25E7000AE53D7 /* View */,
				14B9ECF62AE11CD300D42922 /* Assets.xcassets */,
				14B9ECF82AE11CD300D42922 /* Preview Content */,
			);
			path = CollApp;
			sourceTree = "<group>";
		};
		14B9ECF82AE11CD300D42922 /* Preview Content */ = {
			isa = PBXGroup;
			children = (
				14B9ECF92AE11CD300D42922 /* Preview Assets.xcassets */,
			);
			path = "Preview Content";
			sourceTree = "<group>";
		};
/* End PBXGroup section */

/* Begin PBXNativeTarget section */
		14B9ECEE2AE11CD200D42922 /* CollApp */ = {
			isa = PBXNativeTarget;
			buildConfigurationList = 14B9ECFD2AE11CD300D42922 /* Build configuration list for PBXNativeTarget "CollApp" */;
			buildPhases = (
				14B9ECEB2AE11CD200D42922 /* Sources */,
				14B9ECEC2AE11CD200D42922 /* Frameworks */,
				14B9ECED2AE11CD200D42922 /* Resources */,
			);
			buildRules = (
			);
			dependencies = (
			);
			name = CollApp;
			productName = CollApp;
			productReference = 14B9ECEF2AE11CD200D42922 /* CollApp.app */;
			productType = "com.apple.product-type.application";
		};
/* End PBXNativeTarget section */

/* Begin PBXProject section */
		14B9ECE72AE11CD200D42922 /* Project object */ = {
			isa = PBXProject;
			attributes = {
				BuildIndependentTargetsInParallel = 1;
				LastSwiftUpdateCheck = 1500;
				LastUpgradeCheck = 1500;
				TargetAttributes = {
					14B9ECEE2AE11CD200D42922 = {
						CreatedOnToolsVersion = 15.0;
					};
				};
			};
			buildConfigurationList = 14B9ECEA2AE11CD200D42922 /* Build configuration list for PBXProject "CollApp" */;
			compatibilityVersion = "Xcode 14.0";
			developmentRegion = en;
			hasScannedForEncodings = 0;
			knownRegions = (
				en,
				Base,
			);
			mainGroup = 14B9ECE62AE11CD200D42922;
			productRefGroup = 14B9ECF02AE11CD200D42922 /* Products */;
			projectDirPath = "";
			projectRoot = "";
			targets = (
				14B9ECEE2AE11CD200D42922 /* CollApp */,
			);
		};
/* End PBXProject section */

/* Begin PBXResourcesBuildPhase section */
		14B9ECED2AE11CD200D42922 /* Resources */ = {
			isa = PBXResourcesBuildPhase;
			buildActionMask = 2147483647;
			files = (
				14B9ECFA2AE11CD300D42922 /* Preview Assets.xcassets in Resources */,
				14B9ECF72AE11CD300D42922 /* Assets.xcassets in Resources */,
			);
			runOnlyForDeploymentPostprocessing = 0;
		};
/* End PBXResourcesBuildPhase section */

/* Begin PBXSourcesBuildPhase section */
		14B9ECEB2AE11CD200D42922 /* Sources */ = {
			isa = PBXSourcesBuildPhase;
			buildActionMask = 2147483647;
			files = (
				06A4CE292AE90201003BAB60 /* TeamModePlayer.swift in Sources */,
				14B9ECF52AE11CD200D42922 /* ContentView.swift in Sources */,
				6677D0122AE9022000D5757A /* Game View.swift in Sources */,
				148088B12AE2AEA000CBE55C /* TaskViewModel.swift in Sources */,
				14038E082AEA6CAF00CE51E8 /* ImageClass.swift in Sources */,
				14038E062AEA6C8500CE51E8 /* ImageStruct.swift in Sources */,
				148088B32AE672BF00CBE55C /* TeamMember.swift in Sources */,
				14B9ECF32AE11CD200D42922 /* CollAppApp.swift in Sources */,
				06A4CE272AE8FE85003BAB60 /* SModeAlt.swift in Sources */,
				066FE8592AE7C3F4001DE6CF /* TeamMode_alt.swift in Sources */,
				66D75D182AEBA8BF00701AFB /* FinalView.swift in Sources */,
				148088AD2AE2AE4900CBE55C /* Task.swift in Sources */,
				148088A92AE2ADF500CBE55C /* CheckBox.swift in Sources */,
				14038E022AE9065600CE51E8 /* PawnView.swift in Sources */,
				148088B52AE6746A00CBE55C /* TeamMemberViewModel.swift in Sources */,
				06F10DA72AEB98C20033F480 /* GameView_2.swift in Sources */,
				14038E002AE9062700CE51E8 /* Pawn.swift in Sources */,
				06F10DA92AEBA2350033F480 /* GameView_3.swift in Sources */,
				148088AB2AE2AE1800CBE55C /* CheckListView.swift in Sources */,
			);
			runOnlyForDeploymentPostprocessing = 0;
		};
/* End PBXSourcesBuildPhase section */

/* Begin XCBuildConfiguration section */
		14B9ECFB2AE11CD300D42922 /* Debug */ = {
			isa = XCBuildConfiguration;
			buildSettings = {
				ALWAYS_SEARCH_USER_PATHS = NO;
				ASSETCATALOG_COMPILER_GENERATE_SWIFT_ASSET_SYMBOL_EXTENSIONS = YES;
				CLANG_ANALYZER_NONNULL = YES;
				CLANG_ANALYZER_NUMBER_OBJECT_CONVERSION = YES_AGGRESSIVE;
				CLANG_CXX_LANGUAGE_STANDARD = "gnu++20";
				CLANG_ENABLE_MODULES = YES;
				CLANG_ENABLE_OBJC_ARC = YES;
				CLANG_ENABLE_OBJC_WEAK = YES;
				CLANG_WARN_BLOCK_CAPTURE_AUTORELEASING = YES;
				CLANG_WARN_BOOL_CONVERSION = YES;
				CLANG_WARN_COMMA = YES;
				CLANG_WARN_CONSTANT_CONVERSION = YES;
				CLANG_WARN_DEPRECATED_OBJC_IMPLEMENTATIONS = YES;
				CLANG_WARN_DIRECT_OBJC_ISA_USAGE = YES_ERROR;
				CLANG_WARN_DOCUMENTATION_COMMENTS = YES;
				CLANG_WARN_EMPTY_BODY = YES;
				CLANG_WARN_ENUM_CONVERSION = YES;
				CLANG_WARN_INFINITE_RECURSION = YES;
				CLANG_WARN_INT_CONVERSION = YES;
				CLANG_WARN_NON_LITERAL_NULL_CONVERSION = YES;
				CLANG_WARN_OBJC_IMPLICIT_RETAIN_SELF = YES;
				CLANG_WARN_OBJC_LITERAL_CONVERSION = YES;
				CLANG_WARN_OBJC_ROOT_CLASS = YES_ERROR;
				CLANG_WARN_QUOTED_INCLUDE_IN_FRAMEWORK_HEADER = YES;
				CLANG_WARN_RANGE_LOOP_ANALYSIS = YES;
				CLANG_WARN_STRICT_PROTOTYPES = YES;
				CLANG_WARN_SUSPICIOUS_MOVE = YES;
				CLANG_WARN_UNGUARDED_AVAILABILITY = YES_AGGRESSIVE;
				CLANG_WARN_UNREACHABLE_CODE = YES;
				CLANG_WARN__DUPLICATE_METHOD_MATCH = YES;
				COPY_PHASE_STRIP = NO;
				DEBUG_INFORMATION_FORMAT = dwarf;
				ENABLE_STRICT_OBJC_MSGSEND = YES;
				ENABLE_TESTABILITY = YES;
				ENABLE_USER_SCRIPT_SANDBOXING = YES;
				GCC_C_LANGUAGE_STANDARD = gnu17;
				GCC_DYNAMIC_NO_PIC = NO;
				GCC_NO_COMMON_BLOCKS = YES;
				GCC_OPTIMIZATION_LEVEL = 0;
				GCC_PREPROCESSOR_DEFINITIONS = (
					"DEBUG=1",
					"$(inherited)",
				);
				GCC_WARN_64_TO_32_BIT_CONVERSION = YES;
				GCC_WARN_ABOUT_RETURN_TYPE = YES_ERROR;
				GCC_WARN_UNDECLARED_SELECTOR = YES;
				GCC_WARN_UNINITIALIZED_AUTOS = YES_AGGRESSIVE;
				GCC_WARN_UNUSED_FUNCTION = YES;
				GCC_WARN_UNUSED_VARIABLE = YES;
				IPHONEOS_DEPLOYMENT_TARGET = 17.0;
				LOCALIZATION_PREFERS_STRING_CATALOGS = YES;
				MTL_ENABLE_DEBUG_INFO = INCLUDE_SOURCE;
				MTL_FAST_MATH = YES;
				ONLY_ACTIVE_ARCH = YES;
				SDKROOT = iphoneos;
				SWIFT_ACTIVE_COMPILATION_CONDITIONS = "DEBUG $(inherited)";
				SWIFT_OPTIMIZATION_LEVEL = "-Onone";
			};
			name = Debug;
		};
		14B9ECFC2AE11CD300D42922 /* Release */ = {
			isa = XCBuildConfiguration;
			buildSettings = {
				ALWAYS_SEARCH_USER_PATHS = NO;
				ASSETCATALOG_COMPILER_GENERATE_SWIFT_ASSET_SYMBOL_EXTENSIONS = YES;
				CLANG_ANALYZER_NONNULL = YES;
				CLANG_ANALYZER_NUMBER_OBJECT_CONVERSION = YES_AGGRESSIVE;
				CLANG_CXX_LANGUAGE_STANDARD = "gnu++20";
				CLANG_ENABLE_MODULES = YES;
				CLANG_ENABLE_OBJC_ARC = YES;
				CLANG_ENABLE_OBJC_WEAK = YES;
				CLANG_WARN_BLOCK_CAPTURE_AUTORELEASING = YES;
				CLANG_WARN_BOOL_CONVERSION = YES;
				CLANG_WARN_COMMA = YES;
				CLANG_WARN_CONSTANT_CONVERSION = YES;
				CLANG_WARN_DEPRECATED_OBJC_IMPLEMENTATIONS = YES;
				CLANG_WARN_DIRECT_OBJC_ISA_USAGE = YES_ERROR;
				CLANG_WARN_DOCUMENTATION_COMMENTS = YES;
				CLANG_WARN_EMPTY_BODY = YES;
				CLANG_WARN_ENUM_CONVERSION = YES;
				CLANG_WARN_INFINITE_RECURSION = YES;
				CLANG_WARN_INT_CONVERSION = YES;
				CLANG_WARN_NON_LITERAL_NULL_CONVERSION = YES;
				CLANG_WARN_OBJC_IMPLICIT_RETAIN_SELF = YES;
				CLANG_WARN_OBJC_LITERAL_CONVERSION = YES;
				CLANG_WARN_OBJC_ROOT_CLASS = YES_ERROR;
				CLANG_WARN_QUOTED_INCLUDE_IN_FRAMEWORK_HEADER = YES;
				CLANG_WARN_RANGE_LOOP_ANALYSIS = YES;
				CLANG_WARN_STRICT_PROTOTYPES = YES;
				CLANG_WARN_SUSPICIOUS_MOVE = YES;
				CLANG_WARN_UNGUARDED_AVAILABILITY = YES_AGGRESSIVE;
				CLANG_WARN_UNREACHABLE_CODE = YES;
				CLANG_WARN__DUPLICATE_METHOD_MATCH = YES;
				COPY_PHASE_STRIP = NO;
				DEBUG_INFORMATION_FORMAT = "dwarf-with-dsym";
				ENABLE_NS_ASSERTIONS = NO;
				ENABLE_STRICT_OBJC_MSGSEND = YES;
				ENABLE_USER_SCRIPT_SANDBOXING = YES;
				GCC_C_LANGUAGE_STANDARD = gnu17;
				GCC_NO_COMMON_BLOCKS = YES;
				GCC_WARN_64_TO_32_BIT_CONVERSION = YES;
				GCC_WARN_ABOUT_RETURN_TYPE = YES_ERROR;
				GCC_WARN_UNDECLARED_SELECTOR = YES;
				GCC_WARN_UNINITIALIZED_AUTOS = YES_AGGRESSIVE;
				GCC_WARN_UNUSED_FUNCTION = YES;
				GCC_WARN_UNUSED_VARIABLE = YES;
				IPHONEOS_DEPLOYMENT_TARGET = 17.0;
				LOCALIZATION_PREFERS_STRING_CATALOGS = YES;
				MTL_ENABLE_DEBUG_INFO = NO;
				MTL_FAST_MATH = YES;
				SDKROOT = iphoneos;
				SWIFT_COMPILATION_MODE = wholemodule;
				VALIDATE_PRODUCT = YES;
			};
			name = Release;
		};
		14B9ECFE2AE11CD300D42922 /* Debug */ = {
			isa = XCBuildConfiguration;
			buildSettings = {
				ASSETCATALOG_COMPILER_APPICON_NAME = AppIcon;
				ASSETCATALOG_COMPILER_GLOBAL_ACCENT_COLOR_NAME = AccentColor;
				CODE_SIGN_STYLE = Automatic;
				CURRENT_PROJECT_VERSION = 1;
				DEVELOPMENT_ASSET_PATHS = "\"CollApp/Preview Content\"";
				DEVELOPMENT_TEAM = XQMJRDV4LZ;
				ENABLE_PREVIEWS = YES;
				GENERATE_INFOPLIST_FILE = YES;
				INFOPLIST_KEY_LSApplicationCategoryType = "public.app-category.productivity";
				INFOPLIST_KEY_UIApplicationSceneManifest_Generation = YES;
				INFOPLIST_KEY_UIApplicationSupportsIndirectInputEvents = YES;
				INFOPLIST_KEY_UILaunchScreen_Generation = YES;
				INFOPLIST_KEY_UIStatusBarStyle = "";
				INFOPLIST_KEY_UISupportedInterfaceOrientations = UIInterfaceOrientationPortrait;
				INFOPLIST_KEY_UISupportedInterfaceOrientations_iPad = "UIInterfaceOrientationPortrait UIInterfaceOrientationPortraitUpsideDown";
				INFOPLIST_KEY_UIUserInterfaceStyle = Light;
				LD_RUNPATH_SEARCH_PATHS = (
					"$(inherited)",
					"@executable_path/Frameworks",
				);
				MARKETING_VERSION = 1.0;
				PRODUCT_BUNDLE_IDENTIFIER = com.giuseppeolivari.CollApp;
				PRODUCT_NAME = "$(TARGET_NAME)";
				SWIFT_EMIT_LOC_STRINGS = YES;
				SWIFT_VERSION = 5.0;
				TARGETED_DEVICE_FAMILY = "1,2";
			};
			name = Debug;
		};
		14B9ECFF2AE11CD300D42922 /* Release */ = {
			isa = XCBuildConfiguration;
			buildSettings = {
				ASSETCATALOG_COMPILER_APPICON_NAME = AppIcon;
				ASSETCATALOG_COMPILER_GLOBAL_ACCENT_COLOR_NAME = AccentColor;
				CODE_SIGN_STYLE = Automatic;
				CURRENT_PROJECT_VERSION = 1;
				DEVELOPMENT_ASSET_PATHS = "\"CollApp/Preview Content\"";
				DEVELOPMENT_TEAM = XQMJRDV4LZ;
				ENABLE_PREVIEWS = YES;
				GENERATE_INFOPLIST_FILE = YES;
				INFOPLIST_KEY_LSApplicationCategoryType = "public.app-category.productivity";
				INFOPLIST_KEY_UIApplicationSceneManifest_Generation = YES;
				INFOPLIST_KEY_UIApplicationSupportsIndirectInputEvents = YES;
				INFOPLIST_KEY_UILaunchScreen_Generation = YES;
				INFOPLIST_KEY_UIStatusBarStyle = "";
				INFOPLIST_KEY_UISupportedInterfaceOrientations = UIInterfaceOrientationPortrait;
				INFOPLIST_KEY_UISupportedInterfaceOrientations_iPad = "UIInterfaceOrientationPortrait UIInterfaceOrientationPortraitUpsideDown";
				INFOPLIST_KEY_UIUserInterfaceStyle = Light;
				LD_RUNPATH_SEARCH_PATHS = (
					"$(inherited)",
					"@executable_path/Frameworks",
				);
				MARKETING_VERSION = 1.0;
				PRODUCT_BUNDLE_IDENTIFIER = com.giuseppeolivari.CollApp;
				PRODUCT_NAME = "$(TARGET_NAME)";
				SWIFT_EMIT_LOC_STRINGS = YES;
				SWIFT_VERSION = 5.0;
				TARGETED_DEVICE_FAMILY = "1,2";
			};
			name = Release;
		};
/* End XCBuildConfiguration section */

/* Begin XCConfigurationList section */
		14B9ECEA2AE11CD200D42922 /* Build configuration list for PBXProject "CollApp" */ = {
			isa = XCConfigurationList;
			buildConfigurations = (
				14B9ECFB2AE11CD300D42922 /* Debug */,
				14B9ECFC2AE11CD300D42922 /* Release */,
			);
			defaultConfigurationIsVisible = 0;
			defaultConfigurationName = Release;
		};
		14B9ECFD2AE11CD300D42922 /* Build configuration list for PBXNativeTarget "CollApp" */ = {
			isa = XCConfigurationList;
			buildConfigurations = (
				14B9ECFE2AE11CD300D42922 /* Debug */,
				14B9ECFF2AE11CD300D42922 /* Release */,
			);
			defaultConfigurationIsVisible = 0;
			defaultConfigurationName = Release;
		};
/* End XCConfigurationList section */
	};
	rootObject = 14B9ECE72AE11CD200D42922 /* Project object */;
}
